
Microsoft Visual Studio Solution File, Format Version 12.00
# Visual Studio Version 17
VisualStudioVersion = 17.11.35303.130
MinimumVisualStudioVersion = 10.0.40219.1
Project("{2150E333-8FDC-42A3-9474-1A3956D46DE8}") = "App (UWP)", "App (UWP)", "{85DB9ABE-E2CA-4EE7-A4A2-9C49636966E7}"
EndProject
Project("{FAE04EC0-301F-11D3-BF4B-00C04F79EFBC}") = "Leagueoflegends", "Leagueoflegends\Leagueoflegends.csproj", "{70459FC5-C497-46E7-BA08-631FF0F8BADB}"
EndProject
Project("{2150E333-8FDC-42A3-9474-1A3956D46DE8}") = "Based", "Based", "{3F646EB4-76D3-42D1-BAE9-9FC47F6C2D5A}"
EndProject
Project("{9A19103F-16F7-4668-BE54-9A1E7A4F7556}") = "Jamesnet.Core", "Jamesnet.Core\Jamesnet.Core.csproj", "{83C372FD-2447-4D82-A96D-682B212205F1}"
EndProject
Project("{FAE04EC0-301F-11D3-BF4B-00C04F79EFBC}") = "Jamesnet.Uwp", "..\Jamesnet.Uwp\Jamesnet.Uwp.csproj", "{080A74D4-ACCE-47C3-A09F-2D5A3539DE2D}"
EndProject
Project("{2150E333-8FDC-42A3-9474-1A3956D46DE8}") = "Foundation", "Foundation", "{9100C8B1-A3FF-414E-BE2D-361EE5F96EBF}"
EndProject
Project("{FAE04EC0-301F-11D3-BF4B-00C04F79EFBC}") = "Leagueoflegends.Support", "Leagueoflegends.Support\Leagueoflegends.Support.csproj", "{3904BEA3-1AB7-41D7-B5F7-9022178403B2}"
EndProject
Project("{2150E333-8FDC-42A3-9474-1A3956D46DE8}") = "Partial", "Partial", "{90D3B4EE-05B8-4C44-8F4B-4BAF0D749AAC}"
EndProject
Project("{FAE04EC0-301F-11D3-BF4B-00C04F79EFBC}") = "Leagueoflegends.Main", "..\Leagueoflegends.Main\Leagueoflegends.Main.csproj", "{68ADABE7-B5B5-4827-8996-860DCCA5595F}"
EndProject
Project("{FAE04EC0-301F-11D3-BF4B-00C04F79EFBC}") = "Leagueoflegends.Navigate", "Leagueoflegends.Navigate\Leagueoflegends.Navigate.csproj", "{6EB4E393-3488-4294-A69B-9C24E70C7A7B}"
EndProject
Project("{FAE04EC0-301F-11D3-BF4B-00C04F79EFBC}") = "Leagueoflegends.Home", "Leagueoflegends.Home\Leagueoflegends.Home.csproj", "{C3619C8F-F39D-43D6-9DF8-F3FC0792CF1D}"
EndProject
Project("{FAE04EC0-301F-11D3-BF4B-00C04F79EFBC}") = "Leagueoflegends.Clash", "Leagueoflegends.Clash\Leagueoflegends.Clash.csproj", "{C2FF1834-B43C-4006-95C0-FFC19F1B924D}"
EndProject
Project("{FAE04EC0-301F-11D3-BF4B-00C04F79EFBC}") = "Leagueoflegends.Collection", "Leagueoflegends.Collection\Leagueoflegends.Collection.csproj", "{111BC1E4-5847-4675-9D95-6CB3DB78B3DB}"
EndProject
Project("{FAE04EC0-301F-11D3-BF4B-00C04F79EFBC}") = "Leagueoflegends.Profile", "Leagueoflegends.Profile\Leagueoflegends.Profile.csproj", "{96C85993-8F22-43DB-8C86-0D2699583423}"
EndProject
Project("{FAE04EC0-301F-11D3-BF4B-00C04F79EFBC}") = "Leagueoflegends.Shop", "Leagueoflegends.Shop\Leagueoflegends.Shop.csproj", "{5061326F-DB97-41CE-9CDF-10EB44A2CEA2}"
EndProject
Project("{FAE04EC0-301F-11D3-BF4B-00C04F79EFBC}") = "Leagueoflegends.Social", "Leagueoflegends.Social\Leagueoflegends.Social.csproj", "{9D5C3112-D528-4B38-B077-F52D2ED351F4}"
EndProject
Project("{FAE04EC0-301F-11D3-BF4B-00C04F79EFBC}") = "Leagueoflegends.Store", "Leagueoflegends.Store\Leagueoflegends.Store.csproj", "{B2C0E37F-9D32-4216-8A86-6F7FA6E6E5D3}"
EndProject
Project("{FAE04EC0-301F-11D3-BF4B-00C04F79EFBC}") = "Leagueoflegends.Tft", "Leagueoflegends.Tft\Leagueoflegends.Tft.csproj", "{B5CB6EB7-2162-45D4-BBF5-9040EE463E9A}"
EndProject
Project("{FAE04EC0-301F-11D3-BF4B-00C04F79EFBC}") = "Leagueoflegends.Settings", "Leagueoflegends.Settings\Leagueoflegends.Settings.csproj", "{6A8AE2FB-D4C1-48E2-A226-722950267C6C}"
EndProject
Global
	GlobalSection(SolutionConfigurationPlatforms) = preSolution
		Debug|Any CPU = Debug|Any CPU
		Debug|ARM = Debug|ARM
		Debug|ARM64 = Debug|ARM64
		Debug|x64 = Debug|x64
		Debug|x86 = Debug|x86
		Release|Any CPU = Release|Any CPU
		Release|ARM = Release|ARM
		Release|ARM64 = Release|ARM64
		Release|x64 = Release|x64
		Release|x86 = Release|x86
	EndGlobalSection
	GlobalSection(ProjectConfigurationPlatforms) = postSolution
		{70459FC5-C497-46E7-BA08-631FF0F8BADB}.Debug|Any CPU.ActiveCfg = Debug|x64
		{70459FC5-C497-46E7-BA08-631FF0F8BADB}.Debug|Any CPU.Build.0 = Debug|x64
		{70459FC5-C497-46E7-BA08-631FF0F8BADB}.Debug|Any CPU.Deploy.0 = Debug|x64
		{70459FC5-C497-46E7-BA08-631FF0F8BADB}.Debug|ARM.ActiveCfg = Debug|ARM
		{70459FC5-C497-46E7-BA08-631FF0F8BADB}.Debug|ARM.Build.0 = Debug|ARM
		{70459FC5-C497-46E7-BA08-631FF0F8BADB}.Debug|ARM.Deploy.0 = Debug|ARM
		{70459FC5-C497-46E7-BA08-631FF0F8BADB}.Debug|ARM64.ActiveCfg = Debug|ARM64
		{70459FC5-C497-46E7-BA08-631FF0F8BADB}.Debug|ARM64.Build.0 = Debug|ARM64
		{70459FC5-C497-46E7-BA08-631FF0F8BADB}.Debug|ARM64.Deploy.0 = Debug|ARM64
		{70459FC5-C497-46E7-BA08-631FF0F8BADB}.Debug|x64.ActiveCfg = Debug|x64
		{70459FC5-C497-46E7-BA08-631FF0F8BADB}.Debug|x64.Build.0 = Debug|x64
		{70459FC5-C497-46E7-BA08-631FF0F8BADB}.Debug|x64.Deploy.0 = Debug|x64
		{70459FC5-C497-46E7-BA08-631FF0F8BADB}.Debug|x86.ActiveCfg = Debug|x86
		{70459FC5-C497-46E7-BA08-631FF0F8BADB}.Debug|x86.Build.0 = Debug|x86
		{70459FC5-C497-46E7-BA08-631FF0F8BADB}.Debug|x86.Deploy.0 = Debug|x86
		{70459FC5-C497-46E7-BA08-631FF0F8BADB}.Release|Any CPU.ActiveCfg = Release|x64
		{70459FC5-C497-46E7-BA08-631FF0F8BADB}.Release|Any CPU.Build.0 = Release|x64
		{70459FC5-C497-46E7-BA08-631FF0F8BADB}.Release|Any CPU.Deploy.0 = Release|x64
		{70459FC5-C497-46E7-BA08-631FF0F8BADB}.Release|ARM.ActiveCfg = Release|ARM
		{70459FC5-C497-46E7-BA08-631FF0F8BADB}.Release|ARM.Build.0 = Release|ARM
		{70459FC5-C497-46E7-BA08-631FF0F8BADB}.Release|ARM.Deploy.0 = Release|ARM
		{70459FC5-C497-46E7-BA08-631FF0F8BADB}.Release|ARM64.ActiveCfg = Release|ARM64
		{70459FC5-C497-46E7-BA08-631FF0F8BADB}.Release|ARM64.Build.0 = Release|ARM64
		{70459FC5-C497-46E7-BA08-631FF0F8BADB}.Release|ARM64.Deploy.0 = Release|ARM64
		{70459FC5-C497-46E7-BA08-631FF0F8BADB}.Release|x64.ActiveCfg = Release|x64
		{70459FC5-C497-46E7-BA08-631FF0F8BADB}.Release|x64.Build.0 = Release|x64
		{70459FC5-C497-46E7-BA08-631FF0F8BADB}.Release|x64.Deploy.0 = Release|x64
		{70459FC5-C497-46E7-BA08-631FF0F8BADB}.Release|x86.ActiveCfg = Release|x86
		{70459FC5-C497-46E7-BA08-631FF0F8BADB}.Release|x86.Build.0 = Release|x86
		{70459FC5-C497-46E7-BA08-631FF0F8BADB}.Release|x86.Deploy.0 = Release|x86
		{83C372FD-2447-4D82-A96D-682B212205F1}.Debug|Any CPU.ActiveCfg = Debug|Any CPU
		{83C372FD-2447-4D82-A96D-682B212205F1}.Debug|Any CPU.Build.0 = Debug|Any CPU
		{83C372FD-2447-4D82-A96D-682B212205F1}.Debug|ARM.ActiveCfg = Debug|Any CPU
		{83C372FD-2447-4D82-A96D-682B212205F1}.Debug|ARM.Build.0 = Debug|Any CPU
		{83C372FD-2447-4D82-A96D-682B212205F1}.Debug|ARM64.ActiveCfg = Debug|Any CPU
		{83C372FD-2447-4D82-A96D-682B212205F1}.Debug|ARM64.Build.0 = Debug|Any CPU
		{83C372FD-2447-4D82-A96D-682B212205F1}.Debug|x64.ActiveCfg = Debug|Any CPU
		{83C372FD-2447-4D82-A96D-682B212205F1}.Debug|x64.Build.0 = Debug|Any CPU
		{83C372FD-2447-4D82-A96D-682B212205F1}.Debug|x86.ActiveCfg = Debug|Any CPU
		{83C372FD-2447-4D82-A96D-682B212205F1}.Debug|x86.Build.0 = Debug|Any CPU
		{83C372FD-2447-4D82-A96D-682B212205F1}.Release|Any CPU.ActiveCfg = Release|Any CPU
		{83C372FD-2447-4D82-A96D-682B212205F1}.Release|Any CPU.Build.0 = Release|Any CPU
		{83C372FD-2447-4D82-A96D-682B212205F1}.Release|ARM.ActiveCfg = Release|Any CPU
		{83C372FD-2447-4D82-A96D-682B212205F1}.Release|ARM.Build.0 = Release|Any CPU
		{83C372FD-2447-4D82-A96D-682B212205F1}.Release|ARM64.ActiveCfg = Release|Any CPU
		{83C372FD-2447-4D82-A96D-682B212205F1}.Release|ARM64.Build.0 = Release|Any CPU
		{83C372FD-2447-4D82-A96D-682B212205F1}.Release|x64.ActiveCfg = Release|Any CPU
		{83C372FD-2447-4D82-A96D-682B212205F1}.Release|x64.Build.0 = Release|Any CPU
		{83C372FD-2447-4D82-A96D-682B212205F1}.Release|x86.ActiveCfg = Release|Any CPU
		{83C372FD-2447-4D82-A96D-682B212205F1}.Release|x86.Build.0 = Release|Any CPU
		{080A74D4-ACCE-47C3-A09F-2D5A3539DE2D}.Debug|Any CPU.ActiveCfg = Debug|Any CPU
		{080A74D4-ACCE-47C3-A09F-2D5A3539DE2D}.Debug|Any CPU.Build.0 = Debug|Any CPU
		{080A74D4-ACCE-47C3-A09F-2D5A3539DE2D}.Debug|ARM.ActiveCfg = Debug|ARM
		{080A74D4-ACCE-47C3-A09F-2D5A3539DE2D}.Debug|ARM.Build.0 = Debug|ARM
		{080A74D4-ACCE-47C3-A09F-2D5A3539DE2D}.Debug|ARM64.ActiveCfg = Debug|ARM64
		{080A74D4-ACCE-47C3-A09F-2D5A3539DE2D}.Debug|ARM64.Build.0 = Debug|ARM64
		{080A74D4-ACCE-47C3-A09F-2D5A3539DE2D}.Debug|x64.ActiveCfg = Debug|x64
		{080A74D4-ACCE-47C3-A09F-2D5A3539DE2D}.Debug|x64.Build.0 = Debug|x64
		{080A74D4-ACCE-47C3-A09F-2D5A3539DE2D}.Debug|x86.ActiveCfg = Debug|x86
		{080A74D4-ACCE-47C3-A09F-2D5A3539DE2D}.Debug|x86.Build.0 = Debug|x86
		{080A74D4-ACCE-47C3-A09F-2D5A3539DE2D}.Release|Any CPU.ActiveCfg = Release|Any CPU
		{080A74D4-ACCE-47C3-A09F-2D5A3539DE2D}.Release|Any CPU.Build.0 = Release|Any CPU
		{080A74D4-ACCE-47C3-A09F-2D5A3539DE2D}.Release|ARM.ActiveCfg = Release|ARM
		{080A74D4-ACCE-47C3-A09F-2D5A3539DE2D}.Release|ARM.Build.0 = Release|ARM
		{080A74D4-ACCE-47C3-A09F-2D5A3539DE2D}.Release|ARM64.ActiveCfg = Release|ARM64
		{080A74D4-ACCE-47C3-A09F-2D5A3539DE2D}.Release|ARM64.Build.0 = Release|ARM64
		{080A74D4-ACCE-47C3-A09F-2D5A3539DE2D}.Release|x64.ActiveCfg = Release|x64
		{080A74D4-ACCE-47C3-A09F-2D5A3539DE2D}.Release|x64.Build.0 = Release|x64
		{080A74D4-ACCE-47C3-A09F-2D5A3539DE2D}.Release|x86.ActiveCfg = Release|x86
		{080A74D4-ACCE-47C3-A09F-2D5A3539DE2D}.Release|x86.Build.0 = Release|x86
		{3904BEA3-1AB7-41D7-B5F7-9022178403B2}.Debug|Any CPU.ActiveCfg = Debug|Any CPU
		{3904BEA3-1AB7-41D7-B5F7-9022178403B2}.Debug|Any CPU.Build.0 = Debug|Any CPU
		{3904BEA3-1AB7-41D7-B5F7-9022178403B2}.Debug|ARM.ActiveCfg = Debug|ARM
		{3904BEA3-1AB7-41D7-B5F7-9022178403B2}.Debug|ARM.Build.0 = Debug|ARM
		{3904BEA3-1AB7-41D7-B5F7-9022178403B2}.Debug|ARM64.ActiveCfg = Debug|ARM64
		{3904BEA3-1AB7-41D7-B5F7-9022178403B2}.Debug|ARM64.Build.0 = Debug|ARM64
		{3904BEA3-1AB7-41D7-B5F7-9022178403B2}.Debug|x64.ActiveCfg = Debug|x64
		{3904BEA3-1AB7-41D7-B5F7-9022178403B2}.Debug|x64.Build.0 = Debug|x64
		{3904BEA3-1AB7-41D7-B5F7-9022178403B2}.Debug|x86.ActiveCfg = Debug|x86
		{3904BEA3-1AB7-41D7-B5F7-9022178403B2}.Debug|x86.Build.0 = Debug|x86
		{3904BEA3-1AB7-41D7-B5F7-9022178403B2}.Release|Any CPU.ActiveCfg = Release|Any CPU
		{3904BEA3-1AB7-41D7-B5F7-9022178403B2}.Release|Any CPU.Build.0 = Release|Any CPU
		{3904BEA3-1AB7-41D7-B5F7-9022178403B2}.Release|ARM.ActiveCfg = Release|ARM
		{3904BEA3-1AB7-41D7-B5F7-9022178403B2}.Release|ARM.Build.0 = Release|ARM
		{3904BEA3-1AB7-41D7-B5F7-9022178403B2}.Release|ARM64.ActiveCfg = Release|ARM64
		{3904BEA3-1AB7-41D7-B5F7-9022178403B2}.Release|ARM64.Build.0 = Release|ARM64
		{3904BEA3-1AB7-41D7-B5F7-9022178403B2}.Release|x64.ActiveCfg = Release|x64
		{3904BEA3-1AB7-41D7-B5F7-9022178403B2}.Release|x64.Build.0 = Release|x64
		{3904BEA3-1AB7-41D7-B5F7-9022178403B2}.Release|x86.ActiveCfg = Release|x86
		{3904BEA3-1AB7-41D7-B5F7-9022178403B2}.Release|x86.Build.0 = Release|x86
		{68ADABE7-B5B5-4827-8996-860DCCA5595F}.Debug|Any CPU.ActiveCfg = Debug|Any CPU
		{68ADABE7-B5B5-4827-8996-860DCCA5595F}.Debug|Any CPU.Build.0 = Debug|Any CPU
		{68ADABE7-B5B5-4827-8996-860DCCA5595F}.Debug|ARM.ActiveCfg = Debug|ARM
		{68ADABE7-B5B5-4827-8996-860DCCA5595F}.Debug|ARM.Build.0 = Debug|ARM
		{68ADABE7-B5B5-4827-8996-860DCCA5595F}.Debug|ARM64.ActiveCfg = Debug|ARM64
		{68ADABE7-B5B5-4827-8996-860DCCA5595F}.Debug|ARM64.Build.0 = Debug|ARM64
		{68ADABE7-B5B5-4827-8996-860DCCA5595F}.Debug|x64.ActiveCfg = Debug|x64
		{68ADABE7-B5B5-4827-8996-860DCCA5595F}.Debug|x64.Build.0 = Debug|x64
		{68ADABE7-B5B5-4827-8996-860DCCA5595F}.Debug|x86.ActiveCfg = Debug|x86
		{68ADABE7-B5B5-4827-8996-860DCCA5595F}.Debug|x86.Build.0 = Debug|x86
		{68ADABE7-B5B5-4827-8996-860DCCA5595F}.Release|Any CPU.ActiveCfg = Release|Any CPU
		{68ADABE7-B5B5-4827-8996-860DCCA5595F}.Release|Any CPU.Build.0 = Release|Any CPU
		{68ADABE7-B5B5-4827-8996-860DCCA5595F}.Release|ARM.ActiveCfg = Release|ARM
		{68ADABE7-B5B5-4827-8996-860DCCA5595F}.Release|ARM.Build.0 = Release|ARM
		{68ADABE7-B5B5-4827-8996-860DCCA5595F}.Release|ARM64.ActiveCfg = Release|ARM64
		{68ADABE7-B5B5-4827-8996-860DCCA5595F}.Release|ARM64.Build.0 = Release|ARM64
		{68ADABE7-B5B5-4827-8996-860DCCA5595F}.Release|x64.ActiveCfg = Release|x64
		{68ADABE7-B5B5-4827-8996-860DCCA5595F}.Release|x64.Build.0 = Release|x64
		{68ADABE7-B5B5-4827-8996-860DCCA5595F}.Release|x86.ActiveCfg = Release|x86
		{68ADABE7-B5B5-4827-8996-860DCCA5595F}.Release|x86.Build.0 = Release|x86
		{6EB4E393-3488-4294-A69B-9C24E70C7A7B}.Debug|Any CPU.ActiveCfg = Debug|Any CPU
		{6EB4E393-3488-4294-A69B-9C24E70C7A7B}.Debug|Any CPU.Build.0 = Debug|Any CPU
		{6EB4E393-3488-4294-A69B-9C24E70C7A7B}.Debug|ARM.ActiveCfg = Debug|ARM
		{6EB4E393-3488-4294-A69B-9C24E70C7A7B}.Debug|ARM.Build.0 = Debug|ARM
		{6EB4E393-3488-4294-A69B-9C24E70C7A7B}.Debug|ARM64.ActiveCfg = Debug|ARM64
		{6EB4E393-3488-4294-A69B-9C24E70C7A7B}.Debug|ARM64.Build.0 = Debug|ARM64
		{6EB4E393-3488-4294-A69B-9C24E70C7A7B}.Debug|x64.ActiveCfg = Debug|x64
		{6EB4E393-3488-4294-A69B-9C24E70C7A7B}.Debug|x64.Build.0 = Debug|x64
		{6EB4E393-3488-4294-A69B-9C24E70C7A7B}.Debug|x86.ActiveCfg = Debug|x86
		{6EB4E393-3488-4294-A69B-9C24E70C7A7B}.Debug|x86.Build.0 = Debug|x86
		{6EB4E393-3488-4294-A69B-9C24E70C7A7B}.Release|Any CPU.ActiveCfg = Release|Any CPU
		{6EB4E393-3488-4294-A69B-9C24E70C7A7B}.Release|Any CPU.Build.0 = Release|Any CPU
		{6EB4E393-3488-4294-A69B-9C24E70C7A7B}.Release|ARM.ActiveCfg = Release|ARM
		{6EB4E393-3488-4294-A69B-9C24E70C7A7B}.Release|ARM.Build.0 = Release|ARM
		{6EB4E393-3488-4294-A69B-9C24E70C7A7B}.Release|ARM64.ActiveCfg = Release|ARM64
		{6EB4E393-3488-4294-A69B-9C24E70C7A7B}.Release|ARM64.Build.0 = Release|ARM64
		{6EB4E393-3488-4294-A69B-9C24E70C7A7B}.Release|x64.ActiveCfg = Release|x64
		{6EB4E393-3488-4294-A69B-9C24E70C7A7B}.Release|x64.Build.0 = Release|x64
		{6EB4E393-3488-4294-A69B-9C24E70C7A7B}.Release|x86.ActiveCfg = Release|x86
		{6EB4E393-3488-4294-A69B-9C24E70C7A7B}.Release|x86.Build.0 = Release|x86
		{C3619C8F-F39D-43D6-9DF8-F3FC0792CF1D}.Debug|Any CPU.ActiveCfg = Debug|Any CPU
		{C3619C8F-F39D-43D6-9DF8-F3FC0792CF1D}.Debug|Any CPU.Build.0 = Debug|Any CPU
		{C3619C8F-F39D-43D6-9DF8-F3FC0792CF1D}.Debug|ARM.ActiveCfg = Debug|ARM
		{C3619C8F-F39D-43D6-9DF8-F3FC0792CF1D}.Debug|ARM.Build.0 = Debug|ARM
		{C3619C8F-F39D-43D6-9DF8-F3FC0792CF1D}.Debug|ARM64.ActiveCfg = Debug|ARM64
		{C3619C8F-F39D-43D6-9DF8-F3FC0792CF1D}.Debug|ARM64.Build.0 = Debug|ARM64
		{C3619C8F-F39D-43D6-9DF8-F3FC0792CF1D}.Debug|x64.ActiveCfg = Debug|x64
		{C3619C8F-F39D-43D6-9DF8-F3FC0792CF1D}.Debug|x64.Build.0 = Debug|x64
		{C3619C8F-F39D-43D6-9DF8-F3FC0792CF1D}.Debug|x86.ActiveCfg = Debug|x86
		{C3619C8F-F39D-43D6-9DF8-F3FC0792CF1D}.Debug|x86.Build.0 = Debug|x86
		{C3619C8F-F39D-43D6-9DF8-F3FC0792CF1D}.Release|Any CPU.ActiveCfg = Release|Any CPU
		{C3619C8F-F39D-43D6-9DF8-F3FC0792CF1D}.Release|Any CPU.Build.0 = Release|Any CPU
		{C3619C8F-F39D-43D6-9DF8-F3FC0792CF1D}.Release|ARM.ActiveCfg = Release|ARM
		{C3619C8F-F39D-43D6-9DF8-F3FC0792CF1D}.Release|ARM.Build.0 = Release|ARM
		{C3619C8F-F39D-43D6-9DF8-F3FC0792CF1D}.Release|ARM64.ActiveCfg = Release|ARM64
		{C3619C8F-F39D-43D6-9DF8-F3FC0792CF1D}.Release|ARM64.Build.0 = Release|ARM64
		{C3619C8F-F39D-43D6-9DF8-F3FC0792CF1D}.Release|x64.ActiveCfg = Release|x64
		{C3619C8F-F39D-43D6-9DF8-F3FC0792CF1D}.Release|x64.Build.0 = Release|x64
		{C3619C8F-F39D-43D6-9DF8-F3FC0792CF1D}.Release|x86.ActiveCfg = Release|x86
		{C3619C8F-F39D-43D6-9DF8-F3FC0792CF1D}.Release|x86.Build.0 = Release|x86
		{C2FF1834-B43C-4006-95C0-FFC19F1B924D}.Debug|Any CPU.ActiveCfg = Debug|Any CPU
		{C2FF1834-B43C-4006-95C0-FFC19F1B924D}.Debug|Any CPU.Build.0 = Debug|Any CPU
		{C2FF1834-B43C-4006-95C0-FFC19F1B924D}.Debug|ARM.ActiveCfg = Debug|ARM
		{C2FF1834-B43C-4006-95C0-FFC19F1B924D}.Debug|ARM.Build.0 = Debug|ARM
		{C2FF1834-B43C-4006-95C0-FFC19F1B924D}.Debug|ARM64.ActiveCfg = Debug|ARM64
		{C2FF1834-B43C-4006-95C0-FFC19F1B924D}.Debug|ARM64.Build.0 = Debug|ARM64
		{C2FF1834-B43C-4006-95C0-FFC19F1B924D}.Debug|x64.ActiveCfg = Debug|x64
		{C2FF1834-B43C-4006-95C0-FFC19F1B924D}.Debug|x64.Build.0 = Debug|x64
		{C2FF1834-B43C-4006-95C0-FFC19F1B924D}.Debug|x86.ActiveCfg = Debug|x86
		{C2FF1834-B43C-4006-95C0-FFC19F1B924D}.Debug|x86.Build.0 = Debug|x86
		{C2FF1834-B43C-4006-95C0-FFC19F1B924D}.Release|Any CPU.ActiveCfg = Release|Any CPU
		{C2FF1834-B43C-4006-95C0-FFC19F1B924D}.Release|Any CPU.Build.0 = Release|Any CPU
		{C2FF1834-B43C-4006-95C0-FFC19F1B924D}.Release|ARM.ActiveCfg = Release|ARM
		{C2FF1834-B43C-4006-95C0-FFC19F1B924D}.Release|ARM.Build.0 = Release|ARM
		{C2FF1834-B43C-4006-95C0-FFC19F1B924D}.Release|ARM64.ActiveCfg = Release|ARM64
		{C2FF1834-B43C-4006-95C0-FFC19F1B924D}.Release|ARM64.Build.0 = Release|ARM64
		{C2FF1834-B43C-4006-95C0-FFC19F1B924D}.Release|x64.ActiveCfg = Release|x64
		{C2FF1834-B43C-4006-95C0-FFC19F1B924D}.Release|x64.Build.0 = Release|x64
		{C2FF1834-B43C-4006-95C0-FFC19F1B924D}.Release|x86.ActiveCfg = Release|x86
		{C2FF1834-B43C-4006-95C0-FFC19F1B924D}.Release|x86.Build.0 = Release|x86
		{111BC1E4-5847-4675-9D95-6CB3DB78B3DB}.Debug|Any CPU.ActiveCfg = Debug|Any CPU
		{111BC1E4-5847-4675-9D95-6CB3DB78B3DB}.Debug|Any CPU.Build.0 = Debug|Any CPU
		{111BC1E4-5847-4675-9D95-6CB3DB78B3DB}.Debug|ARM.ActiveCfg = Debug|ARM
		{111BC1E4-5847-4675-9D95-6CB3DB78B3DB}.Debug|ARM.Build.0 = Debug|ARM
		{111BC1E4-5847-4675-9D95-6CB3DB78B3DB}.Debug|ARM64.ActiveCfg = Debug|ARM64
		{111BC1E4-5847-4675-9D95-6CB3DB78B3DB}.Debug|ARM64.Build.0 = Debug|ARM64
		{111BC1E4-5847-4675-9D95-6CB3DB78B3DB}.Debug|x64.ActiveCfg = Debug|x64
		{111BC1E4-5847-4675-9D95-6CB3DB78B3DB}.Debug|x64.Build.0 = Debug|x64
		{111BC1E4-5847-4675-9D95-6CB3DB78B3DB}.Debug|x86.ActiveCfg = Debug|x86
		{111BC1E4-5847-4675-9D95-6CB3DB78B3DB}.Debug|x86.Build.0 = Debug|x86
		{111BC1E4-5847-4675-9D95-6CB3DB78B3DB}.Release|Any CPU.ActiveCfg = Release|Any CPU
		{111BC1E4-5847-4675-9D95-6CB3DB78B3DB}.Release|Any CPU.Build.0 = Release|Any CPU
		{111BC1E4-5847-4675-9D95-6CB3DB78B3DB}.Release|ARM.ActiveCfg = Release|ARM
		{111BC1E4-5847-4675-9D95-6CB3DB78B3DB}.Release|ARM.Build.0 = Release|ARM
		{111BC1E4-5847-4675-9D95-6CB3DB78B3DB}.Release|ARM64.ActiveCfg = Release|ARM64
		{111BC1E4-5847-4675-9D95-6CB3DB78B3DB}.Release|ARM64.Build.0 = Release|ARM64
		{111BC1E4-5847-4675-9D95-6CB3DB78B3DB}.Release|x64.ActiveCfg = Release|x64
		{111BC1E4-5847-4675-9D95-6CB3DB78B3DB}.Release|x64.Build.0 = Release|x64
		{111BC1E4-5847-4675-9D95-6CB3DB78B3DB}.Release|x86.ActiveCfg = Release|x86
		{111BC1E4-5847-4675-9D95-6CB3DB78B3DB}.Release|x86.Build.0 = Release|x86
		{96C85993-8F22-43DB-8C86-0D2699583423}.Debug|Any CPU.ActiveCfg = Debug|Any CPU
		{96C85993-8F22-43DB-8C86-0D2699583423}.Debug|Any CPU.Build.0 = Debug|Any CPU
		{96C85993-8F22-43DB-8C86-0D2699583423}.Debug|ARM.ActiveCfg = Debug|ARM
		{96C85993-8F22-43DB-8C86-0D2699583423}.Debug|ARM.Build.0 = Debug|ARM
		{96C85993-8F22-43DB-8C86-0D2699583423}.Debug|ARM64.ActiveCfg = Debug|ARM64
		{96C85993-8F22-43DB-8C86-0D2699583423}.Debug|ARM64.Build.0 = Debug|ARM64
		{96C85993-8F22-43DB-8C86-0D2699583423}.Debug|x64.ActiveCfg = Debug|x64
		{96C85993-8F22-43DB-8C86-0D2699583423}.Debug|x64.Build.0 = Debug|x64
		{96C85993-8F22-43DB-8C86-0D2699583423}.Debug|x86.ActiveCfg = Debug|x86
		{96C85993-8F22-43DB-8C86-0D2699583423}.Debug|x86.Build.0 = Debug|x86
		{96C85993-8F22-43DB-8C86-0D2699583423}.Release|Any CPU.ActiveCfg = Release|Any CPU
		{96C85993-8F22-43DB-8C86-0D2699583423}.Release|Any CPU.Build.0 = Release|Any CPU
		{96C85993-8F22-43DB-8C86-0D2699583423}.Release|ARM.ActiveCfg = Release|ARM
		{96C85993-8F22-43DB-8C86-0D2699583423}.Release|ARM.Build.0 = Release|ARM
		{96C85993-8F22-43DB-8C86-0D2699583423}.Release|ARM64.ActiveCfg = Release|ARM64
		{96C85993-8F22-43DB-8C86-0D2699583423}.Release|ARM64.Build.0 = Release|ARM64
		{96C85993-8F22-43DB-8C86-0D2699583423}.Release|x64.ActiveCfg = Release|x64
		{96C85993-8F22-43DB-8C86-0D2699583423}.Release|x64.Build.0 = Release|x64
		{96C85993-8F22-43DB-8C86-0D2699583423}.Release|x86.ActiveCfg = Release|x86
		{96C85993-8F22-43DB-8C86-0D2699583423}.Release|x86.Build.0 = Release|x86
		{5061326F-DB97-41CE-9CDF-10EB44A2CEA2}.Debug|Any CPU.ActiveCfg = Debug|Any CPU
		{5061326F-DB97-41CE-9CDF-10EB44A2CEA2}.Debug|Any CPU.Build.0 = Debug|Any CPU
		{5061326F-DB97-41CE-9CDF-10EB44A2CEA2}.Debug|ARM.ActiveCfg = Debug|ARM
		{5061326F-DB97-41CE-9CDF-10EB44A2CEA2}.Debug|ARM.Build.0 = Debug|ARM
		{5061326F-DB97-41CE-9CDF-10EB44A2CEA2}.Debug|ARM64.ActiveCfg = Debug|ARM64
		{5061326F-DB97-41CE-9CDF-10EB44A2CEA2}.Debug|ARM64.Build.0 = Debug|ARM64
		{5061326F-DB97-41CE-9CDF-10EB44A2CEA2}.Debug|x64.ActiveCfg = Debug|x64
		{5061326F-DB97-41CE-9CDF-10EB44A2CEA2}.Debug|x64.Build.0 = Debug|x64
		{5061326F-DB97-41CE-9CDF-10EB44A2CEA2}.Debug|x86.ActiveCfg = Debug|x86
		{5061326F-DB97-41CE-9CDF-10EB44A2CEA2}.Debug|x86.Build.0 = Debug|x86
		{5061326F-DB97-41CE-9CDF-10EB44A2CEA2}.Release|Any CPU.ActiveCfg = Release|Any CPU
		{5061326F-DB97-41CE-9CDF-10EB44A2CEA2}.Release|Any CPU.Build.0 = Release|Any CPU
		{5061326F-DB97-41CE-9CDF-10EB44A2CEA2}.Release|ARM.ActiveCfg = Release|ARM
		{5061326F-DB97-41CE-9CDF-10EB44A2CEA2}.Release|ARM.Build.0 = Release|ARM
		{5061326F-DB97-41CE-9CDF-10EB44A2CEA2}.Release|ARM64.ActiveCfg = Release|ARM64
		{5061326F-DB97-41CE-9CDF-10EB44A2CEA2}.Release|ARM64.Build.0 = Release|ARM64
		{5061326F-DB97-41CE-9CDF-10EB44A2CEA2}.Release|x64.ActiveCfg = Release|x64
		{5061326F-DB97-41CE-9CDF-10EB44A2CEA2}.Release|x64.Build.0 = Release|x64
		{5061326F-DB97-41CE-9CDF-10EB44A2CEA2}.Release|x86.ActiveCfg = Release|x86
		{5061326F-DB97-41CE-9CDF-10EB44A2CEA2}.Release|x86.Build.0 = Release|x86
		{9D5C3112-D528-4B38-B077-F52D2ED351F4}.Debug|Any CPU.ActiveCfg = Debug|Any CPU
		{9D5C3112-D528-4B38-B077-F52D2ED351F4}.Debug|Any CPU.Build.0 = Debug|Any CPU
		{9D5C3112-D528-4B38-B077-F52D2ED351F4}.Debug|ARM.ActiveCfg = Debug|ARM
		{9D5C3112-D528-4B38-B077-F52D2ED351F4}.Debug|ARM.Build.0 = Debug|ARM
		{9D5C3112-D528-4B38-B077-F52D2ED351F4}.Debug|ARM64.ActiveCfg = Debug|ARM64
		{9D5C3112-D528-4B38-B077-F52D2ED351F4}.Debug|ARM64.Build.0 = Debug|ARM64
		{9D5C3112-D528-4B38-B077-F52D2ED351F4}.Debug|x64.ActiveCfg = Debug|x64
		{9D5C3112-D528-4B38-B077-F52D2ED351F4}.Debug|x64.Build.0 = Debug|x64
		{9D5C3112-D528-4B38-B077-F52D2ED351F4}.Debug|x86.ActiveCfg = Debug|x86
		{9D5C3112-D528-4B38-B077-F52D2ED351F4}.Debug|x86.Build.0 = Debug|x86
		{9D5C3112-D528-4B38-B077-F52D2ED351F4}.Release|Any CPU.ActiveCfg = Release|Any CPU
		{9D5C3112-D528-4B38-B077-F52D2ED351F4}.Release|Any CPU.Build.0 = Release|Any CPU
		{9D5C3112-D528-4B38-B077-F52D2ED351F4}.Release|ARM.ActiveCfg = Release|ARM
		{9D5C3112-D528-4B38-B077-F52D2ED351F4}.Release|ARM.Build.0 = Release|ARM
		{9D5C3112-D528-4B38-B077-F52D2ED351F4}.Release|ARM64.ActiveCfg = Release|ARM64
		{9D5C3112-D528-4B38-B077-F52D2ED351F4}.Release|ARM64.Build.0 = Release|ARM64
		{9D5C3112-D528-4B38-B077-F52D2ED351F4}.Release|x64.ActiveCfg = Release|x64
		{9D5C3112-D528-4B38-B077-F52D2ED351F4}.Release|x64.Build.0 = Release|x64
		{9D5C3112-D528-4B38-B077-F52D2ED351F4}.Release|x86.ActiveCfg = Release|x86
		{9D5C3112-D528-4B38-B077-F52D2ED351F4}.Release|x86.Build.0 = Release|x86
		{B2C0E37F-9D32-4216-8A86-6F7FA6E6E5D3}.Debug|Any CPU.ActiveCfg = Debug|Any CPU
		{B2C0E37F-9D32-4216-8A86-6F7FA6E6E5D3}.Debug|Any CPU.Build.0 = Debug|Any CPU
		{B2C0E37F-9D32-4216-8A86-6F7FA6E6E5D3}.Debug|ARM.ActiveCfg = Debug|ARM
		{B2C0E37F-9D32-4216-8A86-6F7FA6E6E5D3}.Debug|ARM.Build.0 = Debug|ARM
		{B2C0E37F-9D32-4216-8A86-6F7FA6E6E5D3}.Debug|ARM64.ActiveCfg = Debug|ARM64
		{B2C0E37F-9D32-4216-8A86-6F7FA6E6E5D3}.Debug|ARM64.Build.0 = Debug|ARM64
		{B2C0E37F-9D32-4216-8A86-6F7FA6E6E5D3}.Debug|x64.ActiveCfg = Debug|x64
		{B2C0E37F-9D32-4216-8A86-6F7FA6E6E5D3}.Debug|x64.Build.0 = Debug|x64
		{B2C0E37F-9D32-4216-8A86-6F7FA6E6E5D3}.Debug|x86.ActiveCfg = Debug|x86
		{B2C0E37F-9D32-4216-8A86-6F7FA6E6E5D3}.Debug|x86.Build.0 = Debug|x86
		{B2C0E37F-9D32-4216-8A86-6F7FA6E6E5D3}.Release|Any CPU.ActiveCfg = Release|Any CPU
		{B2C0E37F-9D32-4216-8A86-6F7FA6E6E5D3}.Release|Any CPU.Build.0 = Release|Any CPU
		{B2C0E37F-9D32-4216-8A86-6F7FA6E6E5D3}.Release|ARM.ActiveCfg = Release|ARM
		{B2C0E37F-9D32-4216-8A86-6F7FA6E6E5D3}.Release|ARM.Build.0 = Release|ARM
		{B2C0E37F-9D32-4216-8A86-6F7FA6E6E5D3}.Release|ARM64.ActiveCfg = Release|ARM64
		{B2C0E37F-9D32-4216-8A86-6F7FA6E6E5D3}.Release|ARM64.Build.0 = Release|ARM64
		{B2C0E37F-9D32-4216-8A86-6F7FA6E6E5D3}.Release|x64.ActiveCfg = Release|x64
		{B2C0E37F-9D32-4216-8A86-6F7FA6E6E5D3}.Release|x64.Build.0 = Release|x64
		{B2C0E37F-9D32-4216-8A86-6F7FA6E6E5D3}.Release|x86.ActiveCfg = Release|x86
		{B2C0E37F-9D32-4216-8A86-6F7FA6E6E5D3}.Release|x86.Build.0 = Release|x86
		{B5CB6EB7-2162-45D4-BBF5-9040EE463E9A}.Debug|Any CPU.ActiveCfg = Debug|Any CPU
		{B5CB6EB7-2162-45D4-BBF5-9040EE463E9A}.Debug|Any CPU.Build.0 = Debug|Any CPU
		{B5CB6EB7-2162-45D4-BBF5-9040EE463E9A}.Debug|ARM.ActiveCfg = Debug|ARM
		{B5CB6EB7-2162-45D4-BBF5-9040EE463E9A}.Debug|ARM.Build.0 = Debug|ARM
		{B5CB6EB7-2162-45D4-BBF5-9040EE463E9A}.Debug|ARM64.ActiveCfg = Debug|ARM64
		{B5CB6EB7-2162-45D4-BBF5-9040EE463E9A}.Debug|ARM64.Build.0 = Debug|ARM64
		{B5CB6EB7-2162-45D4-BBF5-9040EE463E9A}.Debug|x64.ActiveCfg = Debug|x64
		{B5CB6EB7-2162-45D4-BBF5-9040EE463E9A}.Debug|x64.Build.0 = Debug|x64
		{B5CB6EB7-2162-45D4-BBF5-9040EE463E9A}.Debug|x86.ActiveCfg = Debug|x86
		{B5CB6EB7-2162-45D4-BBF5-9040EE463E9A}.Debug|x86.Build.0 = Debug|x86
		{B5CB6EB7-2162-45D4-BBF5-9040EE463E9A}.Release|Any CPU.ActiveCfg = Release|Any CPU
		{B5CB6EB7-2162-45D4-BBF5-9040EE463E9A}.Release|Any CPU.Build.0 = Release|Any CPU
		{B5CB6EB7-2162-45D4-BBF5-9040EE463E9A}.Release|ARM.ActiveCfg = Release|ARM
		{B5CB6EB7-2162-45D4-BBF5-9040EE463E9A}.Release|ARM.Build.0 = Release|ARM
		{B5CB6EB7-2162-45D4-BBF5-9040EE463E9A}.Release|ARM64.ActiveCfg = Release|ARM64
		{B5CB6EB7-2162-45D4-BBF5-9040EE463E9A}.Release|ARM64.Build.0 = Release|ARM64
		{B5CB6EB7-2162-45D4-BBF5-9040EE463E9A}.Release|x64.ActiveCfg = Release|x64
		{B5CB6EB7-2162-45D4-BBF5-9040EE463E9A}.Release|x64.Build.0 = Release|x64
		{B5CB6EB7-2162-45D4-BBF5-9040EE463E9A}.Release|x86.ActiveCfg = Release|x86
		{B5CB6EB7-2162-45D4-BBF5-9040EE463E9A}.Release|x86.Build.0 = Release|x86
		{6A8AE2FB-D4C1-48E2-A226-722950267C6C}.Debug|Any CPU.ActiveCfg = Debug|Any CPU
		{6A8AE2FB-D4C1-48E2-A226-722950267C6C}.Debug|Any CPU.Build.0 = Debug|Any CPU
		{6A8AE2FB-D4C1-48E2-A226-722950267C6C}.Debug|ARM.ActiveCfg = Debug|ARM
		{6A8AE2FB-D4C1-48E2-A226-722950267C6C}.Debug|ARM.Build.0 = Debug|ARM
		{6A8AE2FB-D4C1-48E2-A226-722950267C6C}.Debug|ARM64.ActiveCfg = Debug|ARM64
		{6A8AE2FB-D4C1-48E2-A226-722950267C6C}.Debug|ARM64.Build.0 = Debug|ARM64
		{6A8AE2FB-D4C1-48E2-A226-722950267C6C}.Debug|x64.ActiveCfg = Debug|x64
		{6A8AE2FB-D4C1-48E2-A226-722950267C6C}.Debug|x64.Build.0 = Debug|x64
		{6A8AE2FB-D4C1-48E2-A226-722950267C6C}.Debug|x86.ActiveCfg = Debug|x86
		{6A8AE2FB-D4C1-48E2-A226-722950267C6C}.Debug|x86.Build.0 = Debug|x86
		{6A8AE2FB-D4C1-48E2-A226-722950267C6C}.Release|Any CPU.ActiveCfg = Release|Any CPU
		{6A8AE2FB-D4C1-48E2-A226-722950267C6C}.Release|Any CPU.Build.0 = Release|Any CPU
		{6A8AE2FB-D4C1-48E2-A226-722950267C6C}.Release|ARM.ActiveCfg = Release|ARM
		{6A8AE2FB-D4C1-48E2-A226-722950267C6C}.Release|ARM.Build.0 = Release|ARM
		{6A8AE2FB-D4C1-48E2-A226-722950267C6C}.Release|ARM64.ActiveCfg = Release|ARM64
		{6A8AE2FB-D4C1-48E2-A226-722950267C6C}.Release|ARM64.Build.0 = Release|ARM64
		{6A8AE2FB-D4C1-48E2-A226-722950267C6C}.Release|x64.ActiveCfg = Release|x64
		{6A8AE2FB-D4C1-48E2-A226-722950267C6C}.Release|x64.Build.0 = Release|x64
		{6A8AE2FB-D4C1-48E2-A226-722950267C6C}.Release|x86.ActiveCfg = Release|x86
		{6A8AE2FB-D4C1-48E2-A226-722950267C6C}.Release|x86.Build.0 = Release|x86
	EndGlobalSection
	GlobalSection(SolutionProperties) = preSolution
		HideSolutionNode = FALSE
	EndGlobalSection
	GlobalSection(NestedProjects) = preSolution
		{70459FC5-C497-46E7-BA08-631FF0F8BADB} = {85DB9ABE-E2CA-4EE7-A4A2-9C49636966E7}
		{83C372FD-2447-4D82-A96D-682B212205F1} = {3F646EB4-76D3-42D1-BAE9-9FC47F6C2D5A}
		{080A74D4-ACCE-47C3-A09F-2D5A3539DE2D} = {3F646EB4-76D3-42D1-BAE9-9FC47F6C2D5A}
		{3904BEA3-1AB7-41D7-B5F7-9022178403B2} = {9100C8B1-A3FF-414E-BE2D-361EE5F96EBF}
		{68ADABE7-B5B5-4827-8996-860DCCA5595F} = {90D3B4EE-05B8-4C44-8F4B-4BAF0D749AAC}
		{6EB4E393-3488-4294-A69B-9C24E70C7A7B} = {90D3B4EE-05B8-4C44-8F4B-4BAF0D749AAC}
		{C3619C8F-F39D-43D6-9DF8-F3FC0792CF1D} = {90D3B4EE-05B8-4C44-8F4B-4BAF0D749AAC}
		{C2FF1834-B43C-4006-95C0-FFC19F1B924D} = {90D3B4EE-05B8-4C44-8F4B-4BAF0D749AAC}
		{111BC1E4-5847-4675-9D95-6CB3DB78B3DB} = {90D3B4EE-05B8-4C44-8F4B-4BAF0D749AAC}
		{96C85993-8F22-43DB-8C86-0D2699583423} = {90D3B4EE-05B8-4C44-8F4B-4BAF0D749AAC}
		{5061326F-DB97-41CE-9CDF-10EB44A2CEA2} = {90D3B4EE-05B8-4C44-8F4B-4BAF0D749AAC}
		{9D5C3112-D528-4B38-B077-F52D2ED351F4} = {90D3B4EE-05B8-4C44-8F4B-4BAF0D749AAC}
		{B2C0E37F-9D32-4216-8A86-6F7FA6E6E5D3} = {90D3B4EE-05B8-4C44-8F4B-4BAF0D749AAC}
		{B5CB6EB7-2162-45D4-BBF5-9040EE463E9A} = {90D3B4EE-05B8-4C44-8F4B-4BAF0D749AAC}
		{6A8AE2FB-D4C1-48E2-A226-722950267C6C} = {90D3B4EE-05B8-4C44-8F4B-4BAF0D749AAC}
	EndGlobalSection
	GlobalSection(ExtensibilityGlobals) = postSolution
		SolutionGuid = {577922A7-380F-4B32-99A2-E0751A620089}
	EndGlobalSection
EndGlobal
